
Microsoft Visual Studio Solution File, Format Version 12.00
# Visual Studio Version 17
VisualStudioVersion = 17.11.35219.272
MinimumVisualStudioVersion = 10.0.40219.1
Project("{9A19103F-16F7-4668-BE54-9A1E7A4F7556}") = "WebApi", "WebApi\WebApi.csproj", "{1AF9B3FE-9AB3-45D3-B59F-E75F73D970D6}"
EndProject
Project("{9A19103F-16F7-4668-BE54-9A1E7A4F7556}") = "Domain.Models", "Domain.Models\Domain.Models.csproj", "{630C2C7D-DCDB-412B-9670-0CC2CA5FFD58}"
EndProject
Project("{9A19103F-16F7-4668-BE54-9A1E7A4F7556}") = "Domain.Logic", "Domain.Logic\Domain.Logic.csproj", "{5BB7C91C-2233-46A9-B4D2-7C20245C082B}"
EndProject
Project("{9A19103F-16F7-4668-BE54-9A1E7A4F7556}") = "Infrastrructure", "Infrastrructure\Infrastrructure.csproj", "{C6AB2835-E7F1-4AE1-B28B-610FC0BE9A3B}"
EndProject
Project("{FAE04EC0-301F-11D3-BF4B-00C04F79EFBC}") = "WebApiTests", "WebApiTests\WebApiTests.csproj", "{9C61EAAA-9CA1-4EB9-81D0-159BF55B2074}"
EndProject
Global
	GlobalSection(SolutionConfigurationPlatforms) = preSolution
		Debug|Any CPU = Debug|Any CPU
		Release|Any CPU = Release|Any CPU
	EndGlobalSection
	GlobalSection(ProjectConfigurationPlatforms) = postSolution
		{1AF9B3FE-9AB3-45D3-B59F-E75F73D970D6}.Debug|Any CPU.ActiveCfg = Debug|Any CPU
		{1AF9B3FE-9AB3-45D3-B59F-E75F73D970D6}.Debug|Any CPU.Build.0 = Debug|Any CPU
		{1AF9B3FE-9AB3-45D3-B59F-E75F73D970D6}.Release|Any CPU.ActiveCfg = Release|Any CPU
		{1AF9B3FE-9AB3-45D3-B59F-E75F73D970D6}.Release|Any CPU.Build.0 = Release|Any CPU
		{630C2C7D-DCDB-412B-9670-0CC2CA5FFD58}.Debug|Any CPU.ActiveCfg = Debug|Any CPU
		{630C2C7D-DCDB-412B-9670-0CC2CA5FFD58}.Debug|Any CPU.Build.0 = Debug|Any CPU
		{630C2C7D-DCDB-412B-9670-0CC2CA5FFD58}.Release|Any CPU.ActiveCfg = Release|Any CPU
		{630C2C7D-DCDB-412B-9670-0CC2CA5FFD58}.Release|Any CPU.Build.0 = Release|Any CPU
		{5BB7C91C-2233-46A9-B4D2-7C20245C082B}.Debug|Any CPU.ActiveCfg = Debug|Any CPU
		{5BB7C91C-2233-46A9-B4D2-7C20245C082B}.Debug|Any CPU.Build.0 = Debug|Any CPU
		{5BB7C91C-2233-46A9-B4D2-7C20245C082B}.Release|Any CPU.ActiveCfg = Release|Any CPU
		{5BB7C91C-2233-46A9-B4D2-7C20245C082B}.Release|Any CPU.Build.0 = Release|Any CPU
		{C6AB2835-E7F1-4AE1-B28B-610FC0BE9A3B}.Debug|Any CPU.ActiveCfg = Debug|Any CPU
		{C6AB2835-E7F1-4AE1-B28B-610FC0BE9A3B}.Debug|Any CPU.Build.0 = Debug|Any CPU
		{C6AB2835-E7F1-4AE1-B28B-610FC0BE9A3B}.Release|Any CPU.ActiveCfg = Release|Any CPU
		{C6AB2835-E7F1-4AE1-B28B-610FC0BE9A3B}.Release|Any CPU.Build.0 = Release|Any CPU
		{9C61EAAA-9CA1-4EB9-81D0-159BF55B2074}.Debug|Any CPU.ActiveCfg = Debug|Any CPU
		{9C61EAAA-9CA1-4EB9-81D0-159BF55B2074}.Debug|Any CPU.Build.0 = Debug|Any CPU
		{9C61EAAA-9CA1-4EB9-81D0-159BF55B2074}.Release|Any CPU.ActiveCfg = Release|Any CPU
		{9C61EAAA-9CA1-4EB9-81D0-159BF55B2074}.Release|Any CPU.Build.0 = Release|Any CPU
	EndGlobalSection
	GlobalSection(SolutionProperties) = preSolution
		HideSolutionNode = FALSE
	EndGlobalSection
	GlobalSection(ExtensibilityGlobals) = postSolution
		SolutionGuid = {3177B2FA-D974-48AE-B607-5EC3D5F943C4}
	EndGlobalSection
EndGlobal
